Microsoft Visual Studio Solution File, Format Version 12.00
# Visual Studio Version 17
VisualStudioVersion = 17.13.35931.197
MinimumVisualStudioVersion = 10.0.40219.1
Project("{FAE04EC0-301F-11D3-BF4B-00C04F79EFBC}") = "GestGym", "GestGym\GestGym.csproj", "{BB520F67-C6DF-4BA0-A8E7-8BA328D7247C}"
EndProject
Project("{2150E333-8FDC-42A3-9474-1A3956D46DE8}") = "Solution Items", "Solution Items", "{02EA681E-C7D8-13C7-8484-4AC65E1B71E8}"
	ProjectSection(SolutionItems) = preProject
		.editorconfig = .editorconfig
	EndProjectSection
EndProject
Project("{FAE04EC0-301F-11D3-BF4B-00C04F79EFBC}") = "GestGym.Tests", "GestGym.Tests\GestGym.Tests.csproj", "{AE938786-C7B9-B821-3378-07BAC084A02F}"
EndProject
Global
	GlobalSection(SolutionConfigurationPlatforms) = preSolution
		Debug|Any CPU = Debug|Any CPU
		Release|Any CPU = Release|Any CPU
	EndGlobalSection
	GlobalSection(ProjectConfigurationPlatforms) = postSolution
		{BB520F67-C6DF-4BA0-A8E7-8BA328D7247C}.Debug|Any CPU.ActiveCfg = Debug|Any CPU
		{BB520F67-C6DF-4BA0-A8E7-8BA328D7247C}.Debug|Any CPU.Build.0 = Debug|Any CPU
		{BB520F67-C6DF-4BA0-A8E7-8BA328D7247C}.Release|Any CPU.ActiveCfg = Release|Any CPU
		{BB520F67-C6DF-4BA0-A8E7-8BA328D7247C}.Release|Any CPU.Build.0 = Release|Any CPU
		{AE938786-C7B9-B821-3378-07BAC084A02F}.Debug|Any CPU.ActiveCfg = Debug|Any CPU
		{AE938786-C7B9-B821-3378-07BAC084A02F}.Debug|Any CPU.Build.0 = Debug|Any CPU
		{AE938786-C7B9-B821-3378-07BAC084A02F}.Release|Any CPU.ActiveCfg = Release|Any CPU
		{AE938786-C7B9-B821-3378-07BAC084A02F}.Release|Any CPU.Build.0 = Release|Any CPU
	EndGlobalSection
	GlobalSection(SolutionProperties) = preSolution
		HideSolutionNode = FALSE
	EndGlobalSection
	GlobalSection(ExtensibilityGlobals) = postSolution
		SolutionGuid = {29A6C62C-BF6D-43F5-B01F-EA18F0125951}
	EndGlobalSection
EndGlobal
